// !$*UTF8*$!
{
	archiveVersion = 1;
	classes = {
	};
	objectVersion = 46;
	objects = {

/* Begin PBXBuildFile section */
		D1B766B98442646431318692 /* Pods_Uber_For_Driver.framework in Frameworks */ = {isa = PBXBuildFile; fileRef = F2F51835E9C892B774FA5183 /* Pods_Uber_For_Driver.framework */; };
		EE7FC30E1E884822008DA02E /* AppDelegate.swift in Sources */ = {isa = PBXBuildFile; fileRef = EE7FC30D1E884822008DA02E /* AppDelegate.swift */; };
		EE7FC3131E884822008DA02E /* Main.storyboard in Resources */ = {isa = PBXBuildFile; fileRef = EE7FC3111E884822008DA02E /* Main.storyboard */; };
		EE7FC3151E884822008DA02E /* Assets.xcassets in Resources */ = {isa = PBXBuildFile; fileRef = EE7FC3141E884822008DA02E /* Assets.xcassets */; };
		EE7FC3181E884822008DA02E /* LaunchScreen.storyboard in Resources */ = {isa = PBXBuildFile; fileRef = EE7FC3161E884822008DA02E /* LaunchScreen.storyboard */; };
		EE7FC3211E88484D008DA02E /* MapKit.framework in Frameworks */ = {isa = PBXBuildFile; fileRef = EE7FC3201E88484D008DA02E /* MapKit.framework */; };
		EE7FC3261E884926008DA02E /* LoginVC.swift in Sources */ = {isa = PBXBuildFile; fileRef = EE7FC3251E884926008DA02E /* LoginVC.swift */; };
		EE7FC3281E8861FB008DA02E /* GoogleService-Info.plist in Resources */ = {isa = PBXBuildFile; fileRef = EE7FC3271E8861FB008DA02E /* GoogleService-Info.plist */; };
/* End PBXBuildFile section */

/* Begin PBXFileReference section */
		2D8B995DBEF2E5771FFE31A7 /* Pods-Uber For Driver.debug.xcconfig */ = {isa = PBXFileReference; includeInIndex = 1; lastKnownFileType = text.xcconfig; name = "Pods-Uber For Driver.debug.xcconfig"; path = "Pods/Target Support Files/Pods-Uber For Driver/Pods-Uber For Driver.debug.xcconfig"; sourceTree = "<group>"; };
		EE7FC30A1E884822008DA02E /* Uber For Driver.app */ = {isa = PBXFileReference; explicitFileType = wrapper.application; includeInIndex = 0; path = "Uber For Driver.app"; sourceTree = BUILT_PRODUCTS_DIR; };
		EE7FC30D1E884822008DA02E /* AppDelegate.swift */ = {isa = PBXFileReference; lastKnownFileType = sourcecode.swift; path = AppDelegate.swift; sourceTree = "<group>"; };
		EE7FC3121E884822008DA02E /* Base */ = {isa = PBXFileReference; lastKnownFileType = file.storyboard; name = Base; path = Base.lproj/Main.storyboard; sourceTree = "<group>"; };
		EE7FC3141E884822008DA02E /* Assets.xcassets */ = {isa = PBXFileReference; lastKnownFileType = folder.assetcatalog; path = Assets.xcassets; sourceTree = "<group>"; };
		EE7FC3171E884822008DA02E /* Base */ = {isa = PBXFileReference; lastKnownFileType = file.storyboard; name = Base; path = Base.lproj/LaunchScreen.storyboard; sourceTree = "<group>"; };
		EE7FC3191E884822008DA02E /* Info.plist */ = {isa = PBXFileReference; lastKnownFileType = text.plist.xml; path = Info.plist; sourceTree = "<group>"; };
		EE7FC3201E88484D008DA02E /* MapKit.framework */ = {isa = PBXFileReference; lastKnownFileType = wrapper.framework; name = MapKit.framework; path = System/Library/Frameworks/MapKit.framework; sourceTree = SDKROOT; };
		EE7FC3251E884926008DA02E /* LoginVC.swift */ = {isa = PBXFileReference; fileEncoding = 4; lastKnownFileType = sourcecode.swift; path = LoginVC.swift; sourceTree = "<group>"; };
		EE7FC3271E8861FB008DA02E /* GoogleService-Info.plist */ = {isa = PBXFileReference; fileEncoding = 4; lastKnownFileType = text.plist.xml; path = "GoogleService-Info.plist"; sourceTree = "<group>"; };
		F2F51835E9C892B774FA5183 /* Pods_Uber_For_Driver.framework */ = {isa = PBXFileReference; explicitFileType = wrapper.framework; includeInIndex = 0; path = Pods_Uber_For_Driver.framework; sourceTree = BUILT_PRODUCTS_DIR; };
		FDCB19C5C0F58618DCA5062F /* Pods-Uber For Driver.release.xcconfig */ = {isa = PBXFileReference; includeInIndex = 1; lastKnownFileType = text.xcconfig; name = "Pods-Uber For Driver.release.xcconfig"; path = "Pods/Target Support Files/Pods-Uber For Driver/Pods-Uber For Driver.release.xcconfig"; sourceTree = "<group>"; };
/* End PBXFileReference section */

/* Begin PBXFrameworksBuildPhase section */
		EE7FC3071E884822008DA02E /* Frameworks */ = {
			isa = PBXFrameworksBuildPhase;
			buildActionMask = 2147483647;
			files = (
				EE7FC3211E88484D008DA02E /* MapKit.framework in Frameworks */,
				D1B766B98442646431318692 /* Pods_Uber_For_Driver.framework in Frameworks */,
			);
			runOnlyForDeploymentPostprocessing = 0;
		};
/* End PBXFrameworksBuildPhase section */

/* Begin PBXGroup section */
		1012EB6FD76DA2771582BE9D /* Pods */ = {
			isa = PBXGroup;
			children = (
				2D8B995DBEF2E5771FFE31A7 /* Pods-Uber For Driver.debug.xcconfig */,
				FDCB19C5C0F58618DCA5062F /* Pods-Uber For Driver.release.xcconfig */,
			);
			name = Pods;
			sourceTree = "<group>";
		};
		EE7FC3011E884821008DA02E = {
			isa = PBXGroup;
			children = (
				EE7FC30C1E884822008DA02E /* Uber For Driver */,
				EE7FC30B1E884822008DA02E /* Products */,
				EE7FC31F1E88484D008DA02E /* Frameworks */,
				1012EB6FD76DA2771582BE9D /* Pods */,
			);
			sourceTree = "<group>";
		};
		EE7FC30B1E884822008DA02E /* Products */ = {
			isa = PBXGroup;
			children = (
				EE7FC30A1E884822008DA02E /* Uber For Driver.app */,
			);
			name = Products;
			sourceTree = "<group>";
		};
		EE7FC30C1E884822008DA02E /* Uber For Driver */ = {
			isa = PBXGroup;
			children = (
				EE7FC3231E88487C008DA02E /* Model */,
				EE7FC3241E884881008DA02E /* Controller */,
				EE7FC3221E88486E008DA02E /* View */,
				EE7FC30D1E884822008DA02E /* AppDelegate.swift */,
				EE7FC3111E884822008DA02E /* Main.storyboard */,
				EE7FC3141E884822008DA02E /* Assets.xcassets */,
				EE7FC3161E884822008DA02E /* LaunchScreen.storyboard */,
				EE7FC3191E884822008DA02E /* Info.plist */,
				EE7FC3271E8861FB008DA02E /* GoogleService-Info.plist */,
			);
			path = "Uber For Driver";
			sourceTree = "<group>";
		};
		EE7FC31F1E88484D008DA02E /* Frameworks */ = {
			isa = PBXGroup;
			children = (
				EE7FC3201E88484D008DA02E /* MapKit.framework */,
				F2F51835E9C892B774FA5183 /* Pods_Uber_For_Driver.framework */,
			);
			name = Frameworks;
			sourceTree = "<group>";
		};
		EE7FC3221E88486E008DA02E /* View */ = {
			isa = PBXGroup;
			children = (
			);
			name = View;
			sourceTree = "<group>";
		};
		EE7FC3231E88487C008DA02E /* Model */ = {
			isa = PBXGroup;
			children = (
			);
			name = Model;
			sourceTree = "<group>";
		};
		EE7FC3241E884881008DA02E /* Controller */ = {
			isa = PBXGroup;
			children = (
				EE7FC3251E884926008DA02E /* LoginVC.swift */,
			);
			name = Controller;
			sourceTree = "<group>";
		};
/* End PBXGroup section */

/* Begin PBXNativeTarget section */
		EE7FC3091E884822008DA02E /* Uber For Driver */ = {
			isa = PBXNativeTarget;
			buildConfigurationList = EE7FC31C1E884822008DA02E /* Build configuration list for PBXNativeTarget "Uber For Driver" */;
			buildPhases = (
				1BFE1D793129326A9A1961AC /* [CP] Check Pods Manifest.lock */,
				EE7FC3061E884822008DA02E /* Sources */,
				EE7FC3071E884822008DA02E /* Frameworks */,
				EE7FC3081E884822008DA02E /* Resources */,
				E52F77F45D62A510CD06CC87 /* [CP] Embed Pods Frameworks */,
				165BD6392A153F6174BCADFD /* [CP] Copy Pods Resources */,
			);
			buildRules = (
			);
			dependencies = (
			);
			name = "Uber For Driver";
			productName = "Uber For Driver";
			productReference = EE7FC30A1E884822008DA02E /* Uber For Driver.app */;
			productType = "com.apple.product-type.application";
		};
/* End PBXNativeTarget section */

/* Begin PBXProject section */
		EE7FC3021E884821008DA02E /* Project object */ = {
			isa = PBXProject;
			attributes = {
				LastSwiftUpdateCheck = 0820;
				LastUpgradeCheck = 0820;
				ORGANIZATIONNAME = "Haider Rasool";
				TargetAttributes = {
					EE7FC3091E884822008DA02E = {
						CreatedOnToolsVersion = 8.2.1;
						DevelopmentTeam = UER987Y3L2;
						ProvisioningStyle = Automatic;
						SystemCapabilities = {
							com.apple.Maps.iOS = {
								enabled = 1;
							};
						};
					};
				};
			};
			buildConfigurationList = EE7FC3051E884821008DA02E /* Build configuration list for PBXProject "Uber For Driver" */;
			compatibilityVersion = "Xcode 3.2";
			developmentRegion = English;
			hasScannedForEncodings = 0;
			knownRegions = (
				en,
				Base,
			);
			mainGroup = EE7FC3011E884821008DA02E;
			productRefGroup = EE7FC30B1E884822008DA02E /* Products */;
			projectDirPath = "";
			projectRoot = "";
			targets = (
				EE7FC3091E884822008DA02E /* Uber For Driver */,
			);
		};
/* End PBXProject section */

/* Begin PBXResourcesBuildPhase section */
		EE7FC3081E884822008DA02E /* Resources */ = {
			isa = PBXResourcesBuildPhase;
			buildActionMask = 2147483647;
			files = (
				EE7FC3181E884822008DA02E /* LaunchScreen.storyboard in Resources */,
				EE7FC3281E8861FB008DA02E /* GoogleService-Info.plist in Resources */,
				EE7FC3151E884822008DA02E /* Assets.xcassets in Resources */,
				EE7FC3131E884822008DA02E /* Main.storyboard in Resources */,
			);
			runOnlyForDeploymentPostprocessing = 0;
		};
/* End PBXResourcesBuildPhase section */

/* Begin PBXShellScriptBuildPhase section */
		165BD6392A153F6174BCADFD /* [CP] Copy Pods Resources */ = {
			isa = PBXShellScriptBuildPhase;
			buildActionMask = 2147483647;
			files = (
			);
			inputPaths = (
			);
			name = "[CP] Copy Pods Resources";
			outputPaths = (
			);
			runOnlyForDeploymentPostprocessing = 0;
			shellPath = /bin/sh;
			shellScript = "\"${SRCROOT}/Pods/Target Support Files/Pods-Uber For Driver/Pods-Uber For Driver-resources.sh\"\n";
			showEnvVarsInLog = 0;
		};
		1BFE1D793129326A9A1961AC /* [CP] Check Pods Manifest.lock */ = {
			isa = PBXShellScriptBuildPhase;
			buildActionMask = 2147483647;
			files = (
			);
			inputPaths = (
			);
			name = "[CP] Check Pods Manifest.lock";
			outputPaths = (
			);
			runOnlyForDeploymentPostprocessing = 0;
			shellPath = /bin/sh;
			shellScript = "diff \"${PODS_ROOT}/../Podfile.lock\" \"${PODS_ROOT}/Manifest.lock\" > /dev/null\nif [ $? != 0 ] ; then\n    # print error to STDERR\n    echo \"error: The sandbox is not in sync with the Podfile.lock. Run 'pod install' or update your CocoaPods installation.\" >&2\n    exit 1\nfi\n";
			showEnvVarsInLog = 0;
		};
		E52F77F45D62A510CD06CC87 /* [CP] Embed Pods Frameworks */ = {
			isa = PBXShellScriptBuildPhase;
			buildActionMask = 2147483647;
			files = (
			);
			inputPaths = (
			);
			name = "[CP] Embed Pods Frameworks";
			outputPaths = (
			);
			runOnlyForDeploymentPostprocessing = 0;
			shellPath = /bin/sh;
			shellScript = "\"${SRCROOT}/Pods/Target Support Files/Pods-Uber For Driver/Pods-Uber For Driver-frameworks.sh\"\n";
			showEnvVarsInLog = 0;
		};
/* End PBXShellScriptBuildPhase section */

/* Begin PBXSourcesBuildPhase section */
		EE7FC3061E884822008DA02E /* Sources */ = {
			isa = PBXSourcesBuildPhase;
			buildActionMask = 2147483647;
			files = (
				EE7FC3261E884926008DA02E /* LoginVC.swift in Sources */,
				EE7FC30E1E884822008DA02E /* AppDelegate.swift in Sources */,
			);
			runOnlyForDeploymentPostprocessing = 0;
		};
/* End PBXSourcesBuildPhase section */

/* Begin PBXVariantGroup section */
		EE7FC3111E884822008DA02E /* Main.storyboard */ = {
			isa = PBXVariantGroup;
			children = (
				EE7FC3121E884822008DA02E /* Base */,
			);
			name = Main.storyboard;
			sourceTree = "<group>";
		};
		EE7FC3161E884822008DA02E /* LaunchScreen.storyboard */ = {
			isa = PBXVariantGroup;
			children = (
				EE7FC3171E884822008DA02E /* Base */,
			);
			name = LaunchScreen.storyboard;
			sourceTree = "<group>";
		};
/* End PBXVariantGroup section */

/* Begin XCBuildConfiguration section */
		EE7FC31A1E884822008DA02E /* Debug */ = {
			isa = XCBuildConfiguration;
			buildSettings = {
				ALWAYS_SEARCH_USER_PATHS = NO;
				CLANG_ANALYZER_NONNULL = YES;
				CLANG_CXX_LANGUAGE_STANDARD = "gnu++0x";
				CLANG_CXX_LIBRARY = "libc++";
				CLANG_ENABLE_MODULES = YES;
				CLANG_ENABLE_OBJC_ARC = YES;
				CLANG_WARN_BOOL_CONVERSION = YES;
				CLANG_WARN_CONSTANT_CONVERSION = YES;
				CLANG_WARN_DIRECT_OBJC_ISA_USAGE = YES_ERROR;
				CLANG_WARN_DOCUMENTATION_COMMENTS = YES;
				CLANG_WARN_EMPTY_BODY = YES;
				CLANG_WARN_ENUM_CONVERSION = YES;
				CLANG_WARN_INFINITE_RECURSION = YES;
				CLANG_WARN_INT_CONVERSION = YES;
				CLANG_WARN_OBJC_ROOT_CLASS = YES_ERROR;
				CLANG_WARN_SUSPICIOUS_MOVE = YES;
				CLANG_WARN_UNREACHABLE_CODE = YES;
				CLANG_WARN__DUPLICATE_METHOD_MATCH = YES;
				"CODE_SIGN_IDENTITY[sdk=iphoneos*]" = "iPhone Developer";
				COPY_PHASE_STRIP = NO;
				DEBUG_INFORMATION_FORMAT = dwarf;
				ENABLE_STRICT_OBJC_MSGSEND = YES;
				ENABLE_TESTABILITY = YES;
				GCC_C_LANGUAGE_STANDARD = gnu99;
				GCC_DYNAMIC_NO_PIC = NO;
				GCC_NO_COMMON_BLOCKS = YES;
				GCC_OPTIMIZATION_LEVEL = 0;
				GCC_PREPROCESSOR_DEFINITIONS = (
					"DEBUG=1",
					"$(inherited)",
				);
				GCC_WARN_64_TO_32_BIT_CONVERSION = YES;
				GCC_WARN_ABOUT_RETURN_TYPE = YES_ERROR;
				GCC_WARN_UNDECLARED_SELECTOR = YES;
				GCC_WARN_UNINITIALIZED_AUTOS = YES_AGGRESSIVE;
				GCC_WARN_UNUSED_FUNCTION = YES;
				GCC_WARN_UNUSED_VARIABLE = YES;
				IPHONEOS_DEPLOYMENT_TARGET = 10.2;
				MTL_ENABLE_DEBUG_INFO = YES;
				ONLY_ACTIVE_ARCH = YES;
				SDKROOT = iphoneos;
				SWIFT_ACTIVE_COMPILATION_CONDITIONS = DEBUG;
				SWIFT_OPTIMIZATION_LEVEL = "-Onone";
				TARGETED_DEVICE_FAMILY = "1,2";
			};
			name = Debug;
		};
		EE7FC31B1E884822008DA02E /* Release */ = {
			isa = XCBuildConfiguration;
			buildSettings = {
				ALWAYS_SEARCH_USER_PATHS = NO;
				CLANG_ANALYZER_NONNULL = YES;
				CLANG_CXX_LANGUAGE_STANDARD = "gnu++0x";
				CLANG_CXX_LIBRARY = "libc++";
				CLANG_ENABLE_MODULES = YES;
				CLANG_ENABLE_OBJC_ARC = YES;
				CLANG_WARN_BOOL_CONVERSION = YES;
				CLANG_WARN_CONSTANT_CONVERSION = YES;
				CLANG_WARN_DIRECT_OBJC_ISA_USAGE = YES_ERROR;
				CLANG_WARN_DOCUMENTATION_COMMENTS = YES;
				CLANG_WARN_EMPTY_BODY = YES;
				CLANG_WARN_ENUM_CONVERSION = YES;
				CLANG_WARN_INFINITE_RECURSION = YES;
				CLANG_WARN_INT_CONVERSION = YES;
				CLANG_WARN_OBJC_ROOT_CLASS = YES_ERROR;
				CLANG_WARN_SUSPICIOUS_MOVE = YES;
				CLANG_WARN_UNREACHABLE_CODE = YES;
				CLANG_WARN__DUPLICATE_METHOD_MATCH = YES;
				"CODE_SIGN_IDENTITY[sdk=iphoneos*]" = "iPhone Developer";
				COPY_PHASE_STRIP = NO;
				DEBUG_INFORMATION_FORMAT = "dwarf-with-dsym";
				ENABLE_NS_ASSERTIONS = NO;
				ENABLE_STRICT_OBJC_MSGSEND = YES;
				GCC_C_LANGUAGE_STANDARD = gnu99;
				GCC_NO_COMMON_BLOCKS = YES;
				GCC_WARN_64_TO_32_BIT_CONVERSION = YES;
				GCC_WARN_ABOUT_RETURN_TYPE = YES_ERROR;
				GCC_WARN_UNDECLARED_SELECTOR = YES;
				GCC_WARN_UNINITIALIZED_AUTOS = YES_AGGRESSIVE;
				GCC_WARN_UNUSED_FUNCTION = YES;
				GCC_WARN_UNUSED_VARIABLE = YES;
				IPHONEOS_DEPLOYMENT_TARGET = 10.2;
				MTL_ENABLE_DEBUG_INFO = NO;
				SDKROOT = iphoneos;
				SWIFT_OPTIMIZATION_LEVEL = "-Owholemodule";
				TARGETED_DEVICE_FAMILY = "1,2";
				VALIDATE_PRODUCT = YES;
			};
			name = Release;
		};
		EE7FC31D1E884822008DA02E /* Debug */ = {
			isa = XCBuildConfiguration;
			baseConfigurationReference = 2D8B995DBEF2E5771FFE31A7 /* Pods-Uber For Driver.debug.xcconfig */;
			buildSettings = {
				ASSETCATALOG_COMPILER_APPICON_NAME = AppIcon;
				DEVELOPMENT_TEAM = UER987Y3L2;
				INFOPLIST_FILE = "Uber For Driver/Info.plist";
				LD_RUNPATH_SEARCH_PATHS = "$(inherited) @executable_path/Frameworks";
				PRODUCT_BUNDLE_IDENTIFIER = "Lyger.Uber-For-Driver";
				PRODUCT_NAME = "$(TARGET_NAME)";
				SWIFT_VERSION = 3.0;
			};
			name = Debug;
		};
		EE7FC31E1E884822008DA02E /* Release */ = {
			isa = XCBuildConfiguration;
			baseConfigurationReference = FDCB19C5C0F58618DCA5062F /* Pods-Uber For Driver.release.xcconfig */;
			buildSettings = {
				ASSETCATALOG_COMPILER_APPICON_NAME = AppIcon;
				DEVELOPMENT_TEAM = UER987Y3L2;
				INFOPLIST_FILE = "Uber For Driver/Info.plist";
				LD_RUNPATH_SEARCH_PATHS = "$(inherited) @executable_path/Frameworks";
				PRODUCT_BUNDLE_IDENTIFIER = "Lyger.Uber-For-Driver";
				PRODUCT_NAME = "$(TARGET_NAME)";
				SWIFT_VERSION = 3.0;
			};
			name = Release;
		};
/* End XCBuildConfiguration section */

/* Begin XCConfigurationList section */
		EE7FC3051E884821008DA02E /* Build configuration list for PBXProject "Uber For Driver" */ = {
			isa = XCConfigurationList;
			buildConfigurations = (
				EE7FC31A1E884822008DA02E /* Debug */,
				EE7FC31B1E884822008DA02E /* Release */,
			);
			defaultConfigurationIsVisible = 0;
			defaultConfigurationName = Release;
		};
		EE7FC31C1E884822008DA02E /* Build configuration list for PBXNativeTarget "Uber For Driver" */ = {
			isa = XCConfigurationList;
			buildConfigurations = (
				EE7FC31D1E884822008DA02E /* Debug */,
				EE7FC31E1E884822008DA02E /* Release */,
			);
			defaultConfigurationIsVisible = 0;
		};
/* End XCConfigurationList section */
	};
	rootObject = EE7FC3021E884821008DA02E /* Project object */;
}
